<?xml version="1.0" encoding="utf-8"?>
<Project ToolsVersion="4.0" xmlns="http://schemas.microsoft.com/developer/msbuild/2003">
  <ItemGroup>
    <ClCompile Include="AppWinMain.cpp">
      <Filter>App Files</Filter>
    </ClCompile>
    <ClCompile Include="pch.cpp">
      <Filter>Resource Files</Filter>
    </ClCompile>
    <ClCompile Include="DisplayDetailsIdl.cpp">
      <Filter>Class Files</Filter>
    </ClCompile>
  </ItemGroup>
  <ItemGroup>
    <ClInclude Include="AppVariables.h">
      <Filter>App Files</Filter>
    </ClInclude>
    <ClInclude Include="resource.h">
      <Filter>Resource Files</Filter>
    </ClInclude>
    <ClInclude Include="pch.h">
      <Filter>Resource Files</Filter>
    </ClInclude>
    <ClInclude Include="SettingCheck.h">
      <Filter>Page Files</Filter>
    </ClInclude>
    <ClInclude Include="SettingLoad.h">
      <Filter>Page Files</Filter>
    </ClInclude>
    <ClInclude Include="SettingSave.h">
      <Filter>Page Files</Filter>
    </ClInclude>
    <ClInclude Include="ADL\adl_defines.h">
      <Filter>Include Files\ADL</Filter>
    </ClInclude>
    <ClInclude Include="ADL\adl_sdk.h">
      <Filter>Include Files\ADL</Filter>
    </ClInclude>
    <ClInclude Include="ADL\adl_structures.h">
      <Filter>Include Files\ADL</Filter>
    </ClInclude>
    <ClInclude Include="TuningFanSettingsClass.h">
      <Filter>Class Files</Filter>
    </ClInclude>
    <ClInclude Include="SettingAdmin.h">
      <Filter>Page Files</Filter>
    </ClInclude>
    <ClInclude Include="..\..\ArnoldVinkCode\CPP\AVPch.h">
      <Filter>Include Files\ArnoldVinkCode</Filter>
    </ClInclude>
    <ClInclude Include="SettingFunc.h">
      <Filter>Page Files</Filter>
    </ClInclude>
    <ClInclude Include="SettingEnumStrings.h">
      <Filter>Page Files</Filter>
    </ClInclude>
    <ClInclude Include="DisplaySettingsClass.h">
      <Filter>Class Files</Filter>
    </ClInclude>
    <ClInclude Include="AdlxValuesImportGraphics.h">
      <Filter>Page Files\Graphics</Filter>
    </ClInclude>
    <ClInclude Include="AdlxValuesExportGraphics.h">
      <Filter>Page Files\Graphics</Filter>
    </ClInclude>
    <ClInclude Include="AdlAppsClass.h">
      <Filter>Class Files</Filter>
    </ClInclude>
    <ClInclude Include="AdlDefinitions.h">
      <Filter>Page Files\Adl</Filter>
    </ClInclude>
    <ClInclude Include="AdlInitialize.h">
      <Filter>Page Files\Adl</Filter>
    </ClInclude>
    <ClInclude Include="AdlValuesPrepare.h">
      <Filter>Page Files\Adl</Filter>
    </ClInclude>
    <ClInclude Include="AdlxLoopKeepActive.h">
      <Filter>Page Files\Loop</Filter>
    </ClInclude>
    <ClInclude Include="AdlxLoopMetrics.h">
      <Filter>Page Files\Loop</Filter>
    </ClInclude>
    <ClInclude Include="AdlRegistry.h">
      <Filter>Page Files\Adl</Filter>
    </ClInclude>
    <ClInclude Include="MainVariables.h">
      <Filter>Page Files</Filter>
    </ClInclude>
    <ClInclude Include="AdlxLoopDevice.h">
      <Filter>Page Files\Loop</Filter>
    </ClInclude>
    <ClInclude Include="GraphicsSettingsFunc.h">
      <Filter>Page Files\Graphics</Filter>
    </ClInclude>
    <ClInclude Include="ADL\adl_structures_sdk.h">
      <Filter>Include Files\ADL</Filter>
    </ClInclude>
    <ClInclude Include="PowerBoostFunc.h">
      <Filter>Page Files\Tuning</Filter>
    </ClInclude>
    <ClInclude Include="PowerBoostEvents.h">
      <Filter>Page Files\Tuning</Filter>
    </ClInclude>
    <ClInclude Include="TuningFanSettingsCache.h">
      <Filter>Page Files\Tuning</Filter>
    </ClInclude>
    <ClInclude Include="AdlxValuesExportTuning.h">
      <Filter>Page Files\Tuning</Filter>
    </ClInclude>
    <ClInclude Include="AdlxValuesImportTuning.h">
      <Filter>Page Files\Tuning</Filter>
    </ClInclude>
    <ClInclude Include="TuningFanSettingsConvertUI.h">
      <Filter>Page Files\Tuning</Filter>
    </ClInclude>
    <ClInclude Include="DisplaySettingsFunc.h">
      <Filter>Page Files\Display</Filter>
    </ClInclude>
    <ClInclude Include="AdlxValuesImportDisplay.h">
      <Filter>Page Files\Display</Filter>
    </ClInclude>
    <ClInclude Include="AdlxValuesExportDisplay.h">
      <Filter>Page Files\Display</Filter>
    </ClInclude>
    <ClInclude Include="AdlValuesLoadGraphicsApp.h">
      <Filter>Page Files\Graphics</Filter>
    </ClInclude>
    <ClInclude Include="AdlxEventsGraphics.h">
      <Filter>Page Files\Graphics</Filter>
    </ClInclude>
    <ClInclude Include="AdlxEventsMultimedia.h">
      <Filter>Page Files\Multimedia</Filter>
    </ClInclude>
    <ClInclude Include="AdlxValuesLoadMultimedia.h">
      <Filter>Page Files\Multimedia</Filter>
    </ClInclude>
    <ClInclude Include="AdlxEventsDisplay.h">
      <Filter>Page Files\Display</Filter>
    </ClInclude>
    <ClInclude Include="AdlxEventsFans.h">
      <Filter>Page Files\Tuning</Filter>
    </ClInclude>
    <ClInclude Include="AdlxEventsTuning.h">
      <Filter>Page Files\Tuning</Filter>
    </ClInclude>
    <ClInclude Include="AdlxValuesLoadDisplay.h">
      <Filter>Page Files\Display</Filter>
    </ClInclude>
    <ClInclude Include="AdlxValuesLoadTuning.h">
      <Filter>Page Files\Tuning</Filter>
    </ClInclude>
    <ClInclude Include="TuningFanSettingsApply.h">
      <Filter>Page Files\Tuning</Filter>
    </ClInclude>
    <ClInclude Include="ADL\adl_structures_custom.h">
      <Filter>Include Files\ADL</Filter>
    </ClInclude>
    <ClInclude Include="AdlCheck.h">
      <Filter>Page Files\Adl</Filter>
    </ClInclude>
    <ClInclude Include="EyefinityFunc.h">
      <Filter>Page Files\Display</Filter>
    </ClInclude>
    <ClInclude Include="EyefinityEvents.h">
      <Filter>Page Files\Display</Filter>
    </ClInclude>
    <ClInclude Include="DisplayDetailsIdl.h">
      <Filter>Class Files</Filter>
    </ClInclude>
    <ClInclude Include="AdlValuesLoadGraphicsRegistry.h">
      <Filter>Page Files\Graphics</Filter>
    </ClInclude>
    <ClInclude Include="AdlxResetDisplay.h">
      <Filter>Page Files\Display</Filter>
    </ClInclude>
    <ClInclude Include="AdlxResetGraphics.h">
      <Filter>Page Files\Graphics</Filter>
    </ClInclude>
    <ClInclude Include="AdlxResetShaderCache.h">
      <Filter>Page Files\Graphics</Filter>
    </ClInclude>
    <ClInclude Include="AdlxInfoLoad.h">
      <Filter>Page Files\Information</Filter>
    </ClInclude>
    <ClInclude Include="AdlGetDevices.h">
      <Filter>Page Files\Adl</Filter>
    </ClInclude>
    <ClInclude Include="AdlGetIdentifier.h">
      <Filter>Page Files\Adl</Filter>
    </ClInclude>
    <ClInclude Include="AdlxValuesPrepare.h">
      <Filter>Page Files\Adl</Filter>
    </ClInclude>
    <ClInclude Include="AdlxValuesLoadSelect.h">
      <Filter>Page Files\Adl</Filter>
    </ClInclude>
    <ClInclude Include="AdlxResetMultimedia.h">
      <Filter>Page Files\Multimedia</Filter>
    </ClInclude>
    <ClInclude Include="GraphicsSettingsClass.h">
      <Filter>Class Files</Filter>
    </ClInclude>
    <ClInclude Include="GraphicsStatusClass.h">
      <Filter>Class Files</Filter>
    </ClInclude>
    <ClInclude Include="AdlTuningMetrics.h">
      <Filter>Page Files\Tuning</Filter>
    </ClInclude>
    <ClInclude Include="DisplaySettingsConvertUI.h">
      <Filter>Page Files\Display</Filter>
    </ClInclude>
    <ClInclude Include="GraphicsSettingsConvertUI.h">
      <Filter>Page Files\Graphics</Filter>
    </ClInclude>
    <ClInclude Include="AdlAppsSetDefaults.h">
      <Filter>Page Files\Graphics\Apps</Filter>
    </ClInclude>
    <ClInclude Include="AdlAppsAdd.h">
      <Filter>Page Files\Graphics\Apps</Filter>
    </ClInclude>
    <ClInclude Include="AdlAppsFunc.h">
      <Filter>Page Files\Graphics\Apps</Filter>
    </ClInclude>
    <ClInclude Include="AdlAppsInterface.h">
      <Filter>Page Files\Graphics\Apps</Filter>
    </ClInclude>
    <ClInclude Include="AdlAppsLoad.h">
      <Filter>Page Files\Graphics\Apps</Filter>
    </ClInclude>
    <ClInclude Include="AdlAppsProperty.h">
      <Filter>Page Files\Graphics\Apps</Filter>
    </ClInclude>
    <ClInclude Include="AdlAppsRemove.h">
      <Filter>Page Files\Graphics\Apps</Filter>
    </ClInclude>
    <ClInclude Include="AdlAppsUnlock.h">
      <Filter>Page Files\Graphics\Apps</Filter>
    </ClInclude>
    <ClInclude Include="AdlEyefinity.h">
      <Filter>Page Files\Display</Filter>
    </ClInclude>
    <ClInclude Include="AdlOverdrive.h">
      <Filter>Page Files\Tuning</Filter>
    </ClInclude>
    <ClInclude Include="GraphicsFsrOverrideDll.h">
      <Filter>Page Files\Graphics</Filter>
    </ClInclude>
    <ClInclude Include="TuningFanSettingsMatch.h">
      <Filter>Page Files\Tuning</Filter>
    </ClInclude>
    <ClInclude Include="TuningFanSettingsConvertAdl.h">
      <Filter>Page Files\Tuning</Filter>
    </ClInclude>
    <ClInclude Include="DisplaySettingsConvertAdl.h">
      <Filter>Page Files\Display</Filter>
    </ClInclude>
    <ClInclude Include="GraphicsSettingsConvertAdlRegistry.h">
      <Filter>Page Files\Graphics</Filter>
    </ClInclude>
    <ClInclude Include="MultimediaSettingsClass.h">
      <Filter>Page Files\Multimedia</Filter>
    </ClInclude>
    <ClInclude Include="MultimediaSettingsConvertAdl.h">
      <Filter>Page Files\Multimedia</Filter>
    </ClInclude>
    <ClInclude Include="MultimediaSettingsConvertUI.h">
      <Filter>Page Files\Multimedia</Filter>
    </ClInclude>
    <ClInclude Include="GraphicsSettingsConvertAdlApp.h">
      <Filter>Page Files\Graphics</Filter>
    </ClInclude>
    <ClInclude Include="AdlGraphicsStatus.h">
      <Filter>Page Files\Graphics</Filter>
    </ClInclude>
    <ClInclude Include="AdlSettingsClass.h">
      <Filter>Class Files</Filter>
    </ClInclude>
  </ItemGroup>
  <ItemGroup>
    <Page Include="MainPage.xaml">
      <Filter>Page Files</Filter>
    </Page>
  </ItemGroup>
  <ItemGroup>
    <Filter Include="App Files">
      <UniqueIdentifier>{09f8ea84-bbeb-4295-99d2-7c5bcdee9946}</UniqueIdentifier>
    </Filter>
    <Filter Include="Page Files">
      <UniqueIdentifier>{1ddb3e1d-ed20-4a3e-a3a4-01814f0e32ef}</UniqueIdentifier>
    </Filter>
    <Filter Include="Resource Files">
      <UniqueIdentifier>{06a71802-1e01-40e8-9116-092aacf2d910}</UniqueIdentifier>
    </Filter>
    <Filter Include="Asset Files">
      <UniqueIdentifier>{9b86d417-4ebb-4081-803c-c27162571ae9}</UniqueIdentifier>
    </Filter>
    <Filter Include="Include Files">
      <UniqueIdentifier>{3a28a7fe-5053-4717-a159-da02ea600e03}</UniqueIdentifier>
    </Filter>
    <Filter Include="Include Files\ADL">
      <UniqueIdentifier>{45dc09cd-8ec3-408d-bc6c-db276a8ab6cc}</UniqueIdentifier>
    </Filter>
    <Filter Include="Include Files\ArnoldVinkCode">
      <UniqueIdentifier>{0f92a15f-2eca-475b-8ce4-8f1c5cb88717}</UniqueIdentifier>
    </Filter>
    <Filter Include="Class Files">
      <UniqueIdentifier>{a677d221-0f74-45b6-afbe-1204126b2666}</UniqueIdentifier>
    </Filter>
    <Filter Include="Page Files\Adl">
      <UniqueIdentifier>{f270d6ce-613c-4778-a5b1-0aaf7acc027c}</UniqueIdentifier>
    </Filter>
    <Filter Include="Page Files\Loop">
      <UniqueIdentifier>{d5fafa34-da95-4614-b947-484c13f48b0c}</UniqueIdentifier>
    </Filter>
    <Filter Include="Profile Files">
      <UniqueIdentifier>{3eada170-4d27-40c1-8b70-5e66fe9aaf23}</UniqueIdentifier>
    </Filter>
    <Filter Include="Page Files\Tuning">
      <UniqueIdentifier>{f7fc4c28-cc6e-48a2-b283-2496c826a67e}</UniqueIdentifier>
    </Filter>
    <Filter Include="Page Files\Display">
      <UniqueIdentifier>{c7e0a5f1-2d32-4846-8b67-aaa2520ec6e3}</UniqueIdentifier>
    </Filter>
    <Filter Include="Page Files\Graphics">
      <UniqueIdentifier>{471fb1ca-7d28-43c8-a820-21c0057d8471}</UniqueIdentifier>
    </Filter>
    <Filter Include="Page Files\Multimedia">
      <UniqueIdentifier>{9924b21c-cff8-4017-87e6-22977fe3d6db}</UniqueIdentifier>
    </Filter>
    <Filter Include="Settings Files">
      <UniqueIdentifier>{3a500902-1a72-4812-a72f-7a1bc37659b1}</UniqueIdentifier>
    </Filter>
    <Filter Include="Page Files\Information">
      <UniqueIdentifier>{f68075df-1205-44e9-a967-c731c7e7facc}</UniqueIdentifier>
    </Filter>
    <Filter Include="Page Files\Graphics\Apps">
      <UniqueIdentifier>{8aa944a0-dde8-417b-93f6-e9410fe9dcc6}</UniqueIdentifier>
    </Filter>
  </ItemGroup>
  <ItemGroup>
    <ApplicationDefinition Include="App.xaml">
      <Filter>App Files</Filter>
    </ApplicationDefinition>
  </ItemGroup>
  <ItemGroup>
    <Manifest Include="App.manifest">
      <Filter>App Files</Filter>
    </Manifest>
  </ItemGroup>
  <ItemGroup>
    <ResourceCompile Include="resource.rc">
      <Filter>Resource Files</Filter>
    </ResourceCompile>
  </ItemGroup>
  <ItemGroup>
    <Image Include="AppIcon.ico">
      <Filter>Resource Files</Filter>
    </Image>
  </ItemGroup>
  <ItemGroup>
    <None Include="packages.config" />
    <None Include="DriverNotes.md" />
  </ItemGroup>
  <ItemGroup>
    <CopyFileToFolders Include="StatusDisabled.png">
      <Filter>Asset Files</Filter>
    </CopyFileToFolders>
    <CopyFileToFolders Include="StatusEnabled.png">
      <Filter>Asset Files</Filter>
    </CopyFileToFolders>
    <CopyFileToFolders Include="Link.png">
      <Filter>Asset Files</Filter>
    </CopyFileToFolders>
    <CopyFileToFolders Include="Warning.png">
      <Filter>Asset Files</Filter>
    </CopyFileToFolders>
    <CopyFileToFolders Include="WarningRed.png">
      <Filter>Asset Files</Filter>
    </CopyFileToFolders>
    <CopyFileToFolders Include="Shutdown.png">
      <Filter>Asset Files</Filter>
    </CopyFileToFolders>
    <CopyFileToFolders Include="Information.png">
      <Filter>Asset Files</Filter>
    </CopyFileToFolders>
    <CopyFileToFolders Include="Apps.png">
      <Filter>Asset Files</Filter>
    </CopyFileToFolders>
    <CopyFileToFolders Include="Display.png">
      <Filter>Asset Files</Filter>
    </CopyFileToFolders>
    <CopyFileToFolders Include="DragDrop.png">
      <Filter>Asset Files</Filter>
    </CopyFileToFolders>
    <CopyFileToFolders Include="Fans.png">
      <Filter>Asset Files</Filter>
    </CopyFileToFolders>
    <CopyFileToFolders Include="Graphics.png">
      <Filter>Asset Files</Filter>
    </CopyFileToFolders>
    <CopyFileToFolders Include="Multimedia.png">
      <Filter>Asset Files</Filter>
    </CopyFileToFolders>
    <CopyFileToFolders Include="Settings.png">
      <Filter>Asset Files</Filter>
    </CopyFileToFolders>
    <CopyFileToFolders Include="Tuning.png">
      <Filter>Asset Files</Filter>
    </CopyFileToFolders>
    <CopyFileToFolders Include="Reset.png">
      <Filter>Asset Files</Filter>
    </CopyFileToFolders>
    <CopyFileToFolders Include="Power.png">
      <Filter>Asset Files</Filter>
    </CopyFileToFolders>
    <CopyFileToFolders Include="PowerBoost.png">
      <Filter>Asset Files</Filter>
    </CopyFileToFolders>
    <CopyFileToFolders Include="PowerReduce.png">
      <Filter>Asset Files</Filter>
    </CopyFileToFolders>
    <CopyFileToFolders Include="Shield.png">
      <Filter>Asset Files</Filter>
    </CopyFileToFolders>
    <CopyFileToFolders Include="Updater.json">
      <Filter>Settings Files</Filter>
    </CopyFileToFolders>
    <CopyFileToFolders Include="Profiles will be placed here">
      <Filter>Profile Files</Filter>
    </CopyFileToFolders>
    <CopyFileToFolders Include="PowerBoostApps.json">
      <Filter>Profile Files</Filter>
    </CopyFileToFolders>
    <CopyFileToFolders Include="EyefinityApps.json">
      <Filter>Profile Files</Filter>
    </CopyFileToFolders>
  </ItemGroup>
  <ItemGroup>
    <Midl Include="DisplayDetailsIdl.idl">
      <Filter>Class Files</Filter>
    </Midl>
  </ItemGroup>
</Project>