<?xml version="1.0" encoding="utf-8"?>
<Project ToolsVersion="4.0" xmlns="http://schemas.microsoft.com/developer/msbuild/2003">
  <ItemGroup>
    <ClCompile Include="AppWinMain.cpp">
      <Filter>App Files</Filter>
    </ClCompile>
    <ClCompile Include="pch.cpp">
      <Filter>Resource Files</Filter>
    </ClCompile>
    <ClCompile Include="ADLX\ADLXHelper\Windows\Cpp\ADLXHelper.cpp">
      <Filter>Include Files\ADLX</Filter>
    </ClCompile>
    <ClCompile Include="ADLX\Platform\Windows\WinAPIs.cpp">
      <Filter>Include Files\ADLX</Filter>
    </ClCompile>
  </ItemGroup>
  <ItemGroup>
    <ClInclude Include="AppVariables.h">
      <Filter>App Files</Filter>
    </ClInclude>
    <ClInclude Include="resource.h">
      <Filter>Resource Files</Filter>
    </ClInclude>
    <ClInclude Include="pch.h">
      <Filter>Resource Files</Filter>
    </ClInclude>
    <ClInclude Include="..\..\ArnoldVinkCode\CPP\AVDebug.h">
      <Filter>Include Files\ArnoldVinkCode</Filter>
    </ClInclude>
    <ClInclude Include="..\..\ArnoldVinkCode\CPP\AVFinally.h">
      <Filter>Include Files\ArnoldVinkCode</Filter>
    </ClInclude>
    <ClInclude Include="..\..\ArnoldVinkCode\CPP\AVHighResDelay.h">
      <Filter>Include Files\ArnoldVinkCode</Filter>
    </ClInclude>
    <ClInclude Include="..\..\ArnoldVinkCode\CPP\AVString.h">
      <Filter>Include Files\ArnoldVinkCode</Filter>
    </ClInclude>
    <ClInclude Include="AdlxVariables.h">
      <Filter>Page Files</Filter>
    </ClInclude>
    <ClInclude Include="AdlxInitialize.h">
      <Filter>Page Files</Filter>
    </ClInclude>
    <ClInclude Include="AdlxEventsFans.h">
      <Filter>Page Files</Filter>
    </ClInclude>
    <ClInclude Include="AdlxEventsDisplay.h">
      <Filter>Page Files</Filter>
    </ClInclude>
    <ClInclude Include="AdlxInfoLoad.h">
      <Filter>Page Files</Filter>
    </ClInclude>
    <ClInclude Include="AdlxLoopMetrics.h">
      <Filter>Page Files</Filter>
    </ClInclude>
    <ClInclude Include="ADLX\ADLXHelper\Windows\Cpp\ADLXHelper.h">
      <Filter>Include Files\ADLX</Filter>
    </ClInclude>
    <ClInclude Include="ADLX\Include\ADLX.h">
      <Filter>Include Files\ADLX</Filter>
    </ClInclude>
    <ClInclude Include="ADLX\Include\ADLXDefines.h">
      <Filter>Include Files\ADLX</Filter>
    </ClInclude>
    <ClInclude Include="ADLX\Include\ADLXStructures.h">
      <Filter>Include Files\ADLX</Filter>
    </ClInclude>
    <ClInclude Include="ADLX\Include\ADLXVersion.h">
      <Filter>Include Files\ADLX</Filter>
    </ClInclude>
    <ClInclude Include="ADLX\Include\I3DSettings.h">
      <Filter>Include Files\ADLX</Filter>
    </ClInclude>
    <ClInclude Include="ADLX\Include\I3DSettings1.h">
      <Filter>Include Files\ADLX</Filter>
    </ClInclude>
    <ClInclude Include="ADLX\Include\I3DSettings2.h">
      <Filter>Include Files\ADLX</Filter>
    </ClInclude>
    <ClInclude Include="ADLX\Include\IApplications.h">
      <Filter>Include Files\ADLX</Filter>
    </ClInclude>
    <ClInclude Include="ADLX\Include\IChangedEvent.h">
      <Filter>Include Files\ADLX</Filter>
    </ClInclude>
    <ClInclude Include="ADLX\Include\ICollections.h">
      <Filter>Include Files\ADLX</Filter>
    </ClInclude>
    <ClInclude Include="ADLX\Include\IDesktops.h">
      <Filter>Include Files\ADLX</Filter>
    </ClInclude>
    <ClInclude Include="ADLX\Include\IDisplay3DLUT.h">
      <Filter>Include Files\ADLX</Filter>
    </ClInclude>
    <ClInclude Include="ADLX\Include\IDisplayGamma.h">
      <Filter>Include Files\ADLX</Filter>
    </ClInclude>
    <ClInclude Include="ADLX\Include\IDisplayGamut.h">
      <Filter>Include Files\ADLX</Filter>
    </ClInclude>
    <ClInclude Include="ADLX\Include\IDisplays.h">
      <Filter>Include Files\ADLX</Filter>
    </ClInclude>
    <ClInclude Include="ADLX\Include\IDisplays1.h">
      <Filter>Include Files\ADLX</Filter>
    </ClInclude>
    <ClInclude Include="ADLX\Include\IDisplays2.h">
      <Filter>Include Files\ADLX</Filter>
    </ClInclude>
    <ClInclude Include="ADLX\Include\IDisplays3.h">
      <Filter>Include Files\ADLX</Filter>
    </ClInclude>
    <ClInclude Include="ADLX\Include\IDisplaySettings.h">
      <Filter>Include Files\ADLX</Filter>
    </ClInclude>
    <ClInclude Include="ADLX\Include\IGPUAutoTuning.h">
      <Filter>Include Files\ADLX</Filter>
    </ClInclude>
    <ClInclude Include="ADLX\Include\IGPUManualFanTuning.h">
      <Filter>Include Files\ADLX</Filter>
    </ClInclude>
    <ClInclude Include="ADLX\Include\IGPUManualGFXTuning.h">
      <Filter>Include Files\ADLX</Filter>
    </ClInclude>
    <ClInclude Include="ADLX\Include\IGPUManualPowerTuning.h">
      <Filter>Include Files\ADLX</Filter>
    </ClInclude>
    <ClInclude Include="ADLX\Include\IGPUManualVRAMTuning.h">
      <Filter>Include Files\ADLX</Filter>
    </ClInclude>
    <ClInclude Include="ADLX\Include\IGPUPresetTuning.h">
      <Filter>Include Files\ADLX</Filter>
    </ClInclude>
    <ClInclude Include="ADLX\Include\IGPUTuning.h">
      <Filter>Include Files\ADLX</Filter>
    </ClInclude>
    <ClInclude Include="ADLX\Include\IGPUTuning1.h">
      <Filter>Include Files\ADLX</Filter>
    </ClInclude>
    <ClInclude Include="ADLX\Include\II2C.h">
      <Filter>Include Files\ADLX</Filter>
    </ClInclude>
    <ClInclude Include="ADLX\Include\ILog.h">
      <Filter>Include Files\ADLX</Filter>
    </ClInclude>
    <ClInclude Include="ADLX\Include\IMultiMedia.h">
      <Filter>Include Files\ADLX</Filter>
    </ClInclude>
    <ClInclude Include="ADLX\Include\IPerformanceMonitoring.h">
      <Filter>Include Files\ADLX</Filter>
    </ClInclude>
    <ClInclude Include="ADLX\Include\IPerformanceMonitoring1.h">
      <Filter>Include Files\ADLX</Filter>
    </ClInclude>
    <ClInclude Include="ADLX\Include\IPerformanceMonitoring2.h">
      <Filter>Include Files\ADLX</Filter>
    </ClInclude>
    <ClInclude Include="ADLX\Include\IPerformanceMonitoring3.h">
      <Filter>Include Files\ADLX</Filter>
    </ClInclude>
    <ClInclude Include="ADLX\Include\IPowerTuning.h">
      <Filter>Include Files\ADLX</Filter>
    </ClInclude>
    <ClInclude Include="ADLX\Include\IPowerTuning1.h">
      <Filter>Include Files\ADLX</Filter>
    </ClInclude>
    <ClInclude Include="ADLX\Include\ISmartAccessMemory.h">
      <Filter>Include Files\ADLX</Filter>
    </ClInclude>
    <ClInclude Include="ADLX\Include\ISystem.h">
      <Filter>Include Files\ADLX</Filter>
    </ClInclude>
    <ClInclude Include="ADLX\Include\ISystem1.h">
      <Filter>Include Files\ADLX</Filter>
    </ClInclude>
    <ClInclude Include="ADLX\Include\ISystem2.h">
      <Filter>Include Files\ADLX</Filter>
    </ClInclude>
    <ClInclude Include="AdlxEventsTuning.h">
      <Filter>Page Files</Filter>
    </ClInclude>
    <ClInclude Include="AdlxValuesImport.h">
      <Filter>Page Files</Filter>
    </ClInclude>
    <ClInclude Include="AdlxValuesExport.h">
      <Filter>Page Files</Filter>
    </ClInclude>
    <ClInclude Include="..\..\ArnoldVinkCode\CPP\AVFiles.h">
      <Filter>Include Files\ArnoldVinkCode</Filter>
    </ClInclude>
    <ClInclude Include="..\..\ArnoldVinkCode\CPP\AVVersion.h">
      <Filter>Include Files\ArnoldVinkCode</Filter>
    </ClInclude>
    <ClInclude Include="AdlxValuesPrepare.h">
      <Filter>Page Files</Filter>
    </ClInclude>
    <ClInclude Include="AdlxEventsGraphics.h">
      <Filter>Page Files</Filter>
    </ClInclude>
    <ClInclude Include="AdlxValuesLoadDisplay.h">
      <Filter>Page Files</Filter>
    </ClInclude>
    <ClInclude Include="AdlxValuesLoadFans.h">
      <Filter>Page Files</Filter>
    </ClInclude>
    <ClInclude Include="AdlxValuesLoadGraphics.h">
      <Filter>Page Files</Filter>
    </ClInclude>
    <ClInclude Include="AdlxValuesLoadMultimedia.h">
      <Filter>Page Files</Filter>
    </ClInclude>
    <ClInclude Include="AdlxValuesLoadSelect.h">
      <Filter>Page Files</Filter>
    </ClInclude>
    <ClInclude Include="AdlxValuesLoadTuning.h">
      <Filter>Page Files</Filter>
    </ClInclude>
    <ClInclude Include="AdlxResetDisplay.h">
      <Filter>Page Files</Filter>
    </ClInclude>
    <ClInclude Include="AdlxResetGraphics.h">
      <Filter>Page Files</Filter>
    </ClInclude>
    <ClInclude Include="AdlxResetTuning.h">
      <Filter>Page Files</Filter>
    </ClInclude>
    <ClInclude Include="AdlxEventsMultimedia.h">
      <Filter>Page Files</Filter>
    </ClInclude>
    <ClInclude Include="AdlxEventsPower.h">
      <Filter>Page Files</Filter>
    </ClInclude>
    <ClInclude Include="AdlxValuesLoadPower.h">
      <Filter>Page Files</Filter>
    </ClInclude>
    <ClInclude Include="SettingCheck.h">
      <Filter>Page Files</Filter>
    </ClInclude>
    <ClInclude Include="SettingLoad.h">
      <Filter>Page Files</Filter>
    </ClInclude>
    <ClInclude Include="SettingSave.h">
      <Filter>Page Files</Filter>
    </ClInclude>
    <ClInclude Include="ADL\adl_defines.h">
      <Filter>Include Files\ADL</Filter>
    </ClInclude>
    <ClInclude Include="ADL\adl_sdk.h">
      <Filter>Include Files\ADL</Filter>
    </ClInclude>
    <ClInclude Include="ADL\adl_structures.h">
      <Filter>Include Files\ADL</Filter>
    </ClInclude>
    <ClInclude Include="AdlInitialize.h">
      <Filter>Page Files</Filter>
    </ClInclude>
    <ClInclude Include="AdlVariables.h">
      <Filter>Page Files</Filter>
    </ClInclude>
    <ClInclude Include="AdlValuesPrepare.h">
      <Filter>Page Files</Filter>
    </ClInclude>
    <ClInclude Include="..\..\ArnoldVinkCode\CPP\AVDownloader.h">
      <Filter>Include Files\ArnoldVinkCode</Filter>
    </ClInclude>
    <ClInclude Include="AdlxLoopOverclock.h">
      <Filter>Page Files</Filter>
    </ClInclude>
    <ClInclude Include="TuningFanSettings.h">
      <Filter>Class Files</Filter>
    </ClInclude>
    <ClInclude Include="..\..\ArnoldVinkCode\CPP\AVRegistry.h">
      <Filter>Include Files\ArnoldVinkCode</Filter>
    </ClInclude>
    <ClInclude Include="..\..\ArnoldVinkCode\CPP\AVSettingsJson.h">
      <Filter>Include Files\ArnoldVinkCode</Filter>
    </ClInclude>
    <ClInclude Include="..\..\ArnoldVinkCode\CPP\nlohmann_json.hpp">
      <Filter>Include Files\ArnoldVinkCode</Filter>
    </ClInclude>
    <ClInclude Include="RegValuesLoad.h">
      <Filter>Page Files</Filter>
    </ClInclude>
    <ClInclude Include="RegEvents.h">
      <Filter>Page Files</Filter>
    </ClInclude>
    <ClInclude Include="..\..\ArnoldVinkCode\CPP\AVProcesses.h">
      <Filter>Include Files\ArnoldVinkCode</Filter>
    </ClInclude>
  </ItemGroup>
  <ItemGroup>
    <Page Include="MainPage.xaml">
      <Filter>Page Files</Filter>
    </Page>
  </ItemGroup>
  <ItemGroup>
    <Filter Include="App Files">
      <UniqueIdentifier>{09f8ea84-bbeb-4295-99d2-7c5bcdee9946}</UniqueIdentifier>
    </Filter>
    <Filter Include="Page Files">
      <UniqueIdentifier>{1ddb3e1d-ed20-4a3e-a3a4-01814f0e32ef}</UniqueIdentifier>
    </Filter>
    <Filter Include="Resource Files">
      <UniqueIdentifier>{06a71802-1e01-40e8-9116-092aacf2d910}</UniqueIdentifier>
    </Filter>
    <Filter Include="Asset Files">
      <UniqueIdentifier>{9b86d417-4ebb-4081-803c-c27162571ae9}</UniqueIdentifier>
    </Filter>
    <Filter Include="Include Files">
      <UniqueIdentifier>{3a28a7fe-5053-4717-a159-da02ea600e03}</UniqueIdentifier>
    </Filter>
    <Filter Include="Include Files\ADL">
      <UniqueIdentifier>{45dc09cd-8ec3-408d-bc6c-db276a8ab6cc}</UniqueIdentifier>
    </Filter>
    <Filter Include="Include Files\ADLX">
      <UniqueIdentifier>{41248b3a-f40a-484f-8814-6df5011466de}</UniqueIdentifier>
    </Filter>
    <Filter Include="Include Files\ArnoldVinkCode">
      <UniqueIdentifier>{0f92a15f-2eca-475b-8ce4-8f1c5cb88717}</UniqueIdentifier>
    </Filter>
    <Filter Include="Class Files">
      <UniqueIdentifier>{a677d221-0f74-45b6-afbe-1204126b2666}</UniqueIdentifier>
    </Filter>
  </ItemGroup>
  <ItemGroup>
    <ApplicationDefinition Include="App.xaml">
      <Filter>App Files</Filter>
    </ApplicationDefinition>
  </ItemGroup>
  <ItemGroup>
    <Manifest Include="App.manifest">
      <Filter>App Files</Filter>
    </Manifest>
  </ItemGroup>
  <ItemGroup>
    <ResourceCompile Include="resource.rc">
      <Filter>Resource Files</Filter>
    </ResourceCompile>
  </ItemGroup>
  <ItemGroup>
    <Image Include="AppIcon.ico">
      <Filter>Resource Files</Filter>
    </Image>
  </ItemGroup>
  <ItemGroup>
    <None Include="packages.config" />
  </ItemGroup>
  <ItemGroup>
    <CopyFileToFolders Include="Shutdown.png">
      <Filter>Asset Files</Filter>
    </CopyFileToFolders>
    <CopyFileToFolders Include="Information.png">
      <Filter>Asset Files</Filter>
    </CopyFileToFolders>
    <CopyFileToFolders Include="Apps.png">
      <Filter>Asset Files</Filter>
    </CopyFileToFolders>
    <CopyFileToFolders Include="Display.png">
      <Filter>Asset Files</Filter>
    </CopyFileToFolders>
    <CopyFileToFolders Include="Fans.png">
      <Filter>Asset Files</Filter>
    </CopyFileToFolders>
    <CopyFileToFolders Include="Graphics.png">
      <Filter>Asset Files</Filter>
    </CopyFileToFolders>
    <CopyFileToFolders Include="Multimedia.png">
      <Filter>Asset Files</Filter>
    </CopyFileToFolders>
    <CopyFileToFolders Include="Settings.png">
      <Filter>Asset Files</Filter>
    </CopyFileToFolders>
    <CopyFileToFolders Include="Tuning.png">
      <Filter>Asset Files</Filter>
    </CopyFileToFolders>
    <CopyFileToFolders Include="Reset.png">
      <Filter>Asset Files</Filter>
    </CopyFileToFolders>
    <CopyFileToFolders Include="Power.png">
      <Filter>Asset Files</Filter>
    </CopyFileToFolders>
  </ItemGroup>
</Project>